
Microsoft Visual Studio Solution File, Format Version 12.00
# Visual Studio 14
VisualStudioVersion = 14.0.25420.1
MinimumVisualStudioVersion = 10.0.40219.1
Project("{2150E333-8FDC-42A3-9474-1A3956D46DE8}") = "Fundamentals", "Fundamentals", "{5EBB9049-C747-46BA-A349-9E0C88C059A4}"
EndProject
Project("{2150E333-8FDC-42A3-9474-1A3956D46DE8}") = "01_Task", "01_Task", "{5B671D55-D3CB-43DF-8C1F-59B7F8670F14}"
EndProject
Project("{FAE04EC0-301F-11D3-BF4B-00C04F79EFBC}") = "HelloWorld", "HelloWorld\HelloWorld.csproj", "{359B4895-40A4-45F2-8C46-9470C21F2755}"
EndProject
Project("{2150E333-8FDC-42A3-9474-1A3956D46DE8}") = "02_Task", "02_Task", "{C35EBDB8-C4FD-4212-948F-FA3057362DB9}"
EndProject
Project("{FAE04EC0-301F-11D3-BF4B-00C04F79EFBC}") = "DataTypes", "DataTypes\DataTypes.csproj", "{B4D075AC-4088-4333-81F1-AC428CDE91F4}"
EndProject
Project("{2150E333-8FDC-42A3-9474-1A3956D46DE8}") = "03_Task", "03_Task", "{5AF3EFCB-300D-43EE-AD7F-6350C966AF6F}"
EndProject
Project("{FAE04EC0-301F-11D3-BF4B-00C04F79EFBC}") = "Statements", "Statements\Statements.csproj", "{817D0884-D381-424C-9BB6-154A7A7584A7}"
EndProject
Project("{2150E333-8FDC-42A3-9474-1A3956D46DE8}") = "04_Task", "04_Task", "{91A9E9A5-03B2-47B5-89A9-B981EA3F1001}"
EndProject
Project("{FAE04EC0-301F-11D3-BF4B-00C04F79EFBC}") = "ClassObjects", "ClassObjects\ClassObjects.csproj", "{1E4B8C3A-450E-4EB9-B587-153959570AEF}"
EndProject
Project("{2150E333-8FDC-42A3-9474-1A3956D46DE8}") = "05_Task", "05_Task", "{F2106616-3623-470C-81C8-B11ACBC3C4AF}"
EndProject
Project("{FAE04EC0-301F-11D3-BF4B-00C04F79EFBC}") = "QA.Tests", "QA.Tests\QA.Tests.csproj", "{65869BD8-8920-4214-B49B-79E42725BA15}"
EndProject
Project("{2150E333-8FDC-42A3-9474-1A3956D46DE8}") = "06_Task", "06_Task", "{FB39C114-81B1-485A-8E4B-F5907B096801}"
EndProject
Project("{FAE04EC0-301F-11D3-BF4B-00C04F79EFBC}") = "Katas", "Katas\Katas.csproj", "{625006E8-DC2C-431C-BCB6-D0CDE259D1F6}"
EndProject
Project("{2150E333-8FDC-42A3-9474-1A3956D46DE8}") = "Practice", "Practice", "{EA064395-129D-4247-8B7D-1088CEC03560}"
EndProject
Project("{FAE04EC0-301F-11D3-BF4B-00C04F79EFBC}") = "Practice.QA", "Practice.QA\Practice.QA.csproj", "{A8523C13-55F5-4F30-8E83-685C93A9B206}"
EndProject
Project("{FAE04EC0-301F-11D3-BF4B-00C04F79EFBC}") = "Practice.QA.Test", "Practice.QA.Test\Practice.QA.Test.csproj", "{B59759FB-81E6-4466-B3A1-4F543B48E90F}"
EndProject
Global
	GlobalSection(SolutionConfigurationPlatforms) = preSolution
		Debug|Any CPU = Debug|Any CPU
		Debug|ARM = Debug|ARM
		Debug|x64 = Debug|x64
		Debug|x86 = Debug|x86
		Release|Any CPU = Release|Any CPU
		Release|ARM = Release|ARM
		Release|x64 = Release|x64
		Release|x86 = Release|x86
	EndGlobalSection
	GlobalSection(ProjectConfigurationPlatforms) = postSolution
		{359B4895-40A4-45F2-8C46-9470C21F2755}.Debug|Any CPU.ActiveCfg = Debug|Any CPU
		{359B4895-40A4-45F2-8C46-9470C21F2755}.Debug|Any CPU.Build.0 = Debug|Any CPU
		{359B4895-40A4-45F2-8C46-9470C21F2755}.Debug|ARM.ActiveCfg = Debug|Any CPU
		{359B4895-40A4-45F2-8C46-9470C21F2755}.Debug|ARM.Build.0 = Debug|Any CPU
		{359B4895-40A4-45F2-8C46-9470C21F2755}.Debug|x64.ActiveCfg = Debug|Any CPU
		{359B4895-40A4-45F2-8C46-9470C21F2755}.Debug|x64.Build.0 = Debug|Any CPU
		{359B4895-40A4-45F2-8C46-9470C21F2755}.Debug|x86.ActiveCfg = Debug|Any CPU
		{359B4895-40A4-45F2-8C46-9470C21F2755}.Debug|x86.Build.0 = Debug|Any CPU
		{359B4895-40A4-45F2-8C46-9470C21F2755}.Release|Any CPU.ActiveCfg = Release|Any CPU
		{359B4895-40A4-45F2-8C46-9470C21F2755}.Release|Any CPU.Build.0 = Release|Any CPU
		{359B4895-40A4-45F2-8C46-9470C21F2755}.Release|ARM.ActiveCfg = Release|Any CPU
		{359B4895-40A4-45F2-8C46-9470C21F2755}.Release|ARM.Build.0 = Release|Any CPU
		{359B4895-40A4-45F2-8C46-9470C21F2755}.Release|x64.ActiveCfg = Release|Any CPU
		{359B4895-40A4-45F2-8C46-9470C21F2755}.Release|x64.Build.0 = Release|Any CPU
		{359B4895-40A4-45F2-8C46-9470C21F2755}.Release|x86.ActiveCfg = Release|Any CPU
		{359B4895-40A4-45F2-8C46-9470C21F2755}.Release|x86.Build.0 = Release|Any CPU
		{B4D075AC-4088-4333-81F1-AC428CDE91F4}.Debug|Any CPU.ActiveCfg = Debug|Any CPU
		{B4D075AC-4088-4333-81F1-AC428CDE91F4}.Debug|Any CPU.Build.0 = Debug|Any CPU
		{B4D075AC-4088-4333-81F1-AC428CDE91F4}.Debug|ARM.ActiveCfg = Debug|Any CPU
		{B4D075AC-4088-4333-81F1-AC428CDE91F4}.Debug|ARM.Build.0 = Debug|Any CPU
		{B4D075AC-4088-4333-81F1-AC428CDE91F4}.Debug|x64.ActiveCfg = Debug|Any CPU
		{B4D075AC-4088-4333-81F1-AC428CDE91F4}.Debug|x64.Build.0 = Debug|Any CPU
		{B4D075AC-4088-4333-81F1-AC428CDE91F4}.Debug|x86.ActiveCfg = Debug|Any CPU
		{B4D075AC-4088-4333-81F1-AC428CDE91F4}.Debug|x86.Build.0 = Debug|Any CPU
		{B4D075AC-4088-4333-81F1-AC428CDE91F4}.Release|Any CPU.ActiveCfg = Release|Any CPU
		{B4D075AC-4088-4333-81F1-AC428CDE91F4}.Release|Any CPU.Build.0 = Release|Any CPU
		{B4D075AC-4088-4333-81F1-AC428CDE91F4}.Release|ARM.ActiveCfg = Release|Any CPU
		{B4D075AC-4088-4333-81F1-AC428CDE91F4}.Release|ARM.Build.0 = Release|Any CPU
		{B4D075AC-4088-4333-81F1-AC428CDE91F4}.Release|x64.ActiveCfg = Release|Any CPU
		{B4D075AC-4088-4333-81F1-AC428CDE91F4}.Release|x64.Build.0 = Release|Any CPU
		{B4D075AC-4088-4333-81F1-AC428CDE91F4}.Release|x86.ActiveCfg = Release|Any CPU
		{B4D075AC-4088-4333-81F1-AC428CDE91F4}.Release|x86.Build.0 = Release|Any CPU
		{817D0884-D381-424C-9BB6-154A7A7584A7}.Debug|Any CPU.ActiveCfg = Debug|Any CPU
		{817D0884-D381-424C-9BB6-154A7A7584A7}.Debug|Any CPU.Build.0 = Debug|Any CPU
		{817D0884-D381-424C-9BB6-154A7A7584A7}.Debug|ARM.ActiveCfg = Debug|Any CPU
		{817D0884-D381-424C-9BB6-154A7A7584A7}.Debug|ARM.Build.0 = Debug|Any CPU
		{817D0884-D381-424C-9BB6-154A7A7584A7}.Debug|x64.ActiveCfg = Debug|Any CPU
		{817D0884-D381-424C-9BB6-154A7A7584A7}.Debug|x64.Build.0 = Debug|Any CPU
		{817D0884-D381-424C-9BB6-154A7A7584A7}.Debug|x86.ActiveCfg = Debug|Any CPU
		{817D0884-D381-424C-9BB6-154A7A7584A7}.Debug|x86.Build.0 = Debug|Any CPU
		{817D0884-D381-424C-9BB6-154A7A7584A7}.Release|Any CPU.ActiveCfg = Release|Any CPU
		{817D0884-D381-424C-9BB6-154A7A7584A7}.Release|Any CPU.Build.0 = Release|Any CPU
		{817D0884-D381-424C-9BB6-154A7A7584A7}.Release|ARM.ActiveCfg = Release|Any CPU
		{817D0884-D381-424C-9BB6-154A7A7584A7}.Release|ARM.Build.0 = Release|Any CPU
		{817D0884-D381-424C-9BB6-154A7A7584A7}.Release|x64.ActiveCfg = Release|Any CPU
		{817D0884-D381-424C-9BB6-154A7A7584A7}.Release|x64.Build.0 = Release|Any CPU
		{817D0884-D381-424C-9BB6-154A7A7584A7}.Release|x86.ActiveCfg = Release|Any CPU
		{817D0884-D381-424C-9BB6-154A7A7584A7}.Release|x86.Build.0 = Release|Any CPU
		{1E4B8C3A-450E-4EB9-B587-153959570AEF}.Debug|Any CPU.ActiveCfg = Debug|Any CPU
		{1E4B8C3A-450E-4EB9-B587-153959570AEF}.Debug|Any CPU.Build.0 = Debug|Any CPU
		{1E4B8C3A-450E-4EB9-B587-153959570AEF}.Debug|ARM.ActiveCfg = Debug|Any CPU
		{1E4B8C3A-450E-4EB9-B587-153959570AEF}.Debug|ARM.Build.0 = Debug|Any CPU
		{1E4B8C3A-450E-4EB9-B587-153959570AEF}.Debug|x64.ActiveCfg = Debug|Any CPU
		{1E4B8C3A-450E-4EB9-B587-153959570AEF}.Debug|x64.Build.0 = Debug|Any CPU
		{1E4B8C3A-450E-4EB9-B587-153959570AEF}.Debug|x86.ActiveCfg = Debug|Any CPU
		{1E4B8C3A-450E-4EB9-B587-153959570AEF}.Debug|x86.Build.0 = Debug|Any CPU
		{1E4B8C3A-450E-4EB9-B587-153959570AEF}.Release|Any CPU.ActiveCfg = Release|Any CPU
		{1E4B8C3A-450E-4EB9-B587-153959570AEF}.Release|Any CPU.Build.0 = Release|Any CPU
		{1E4B8C3A-450E-4EB9-B587-153959570AEF}.Release|ARM.ActiveCfg = Release|Any CPU
		{1E4B8C3A-450E-4EB9-B587-153959570AEF}.Release|ARM.Build.0 = Release|Any CPU
		{1E4B8C3A-450E-4EB9-B587-153959570AEF}.Release|x64.ActiveCfg = Release|Any CPU
		{1E4B8C3A-450E-4EB9-B587-153959570AEF}.Release|x64.Build.0 = Release|Any CPU
		{1E4B8C3A-450E-4EB9-B587-153959570AEF}.Release|x86.ActiveCfg = Release|Any CPU
		{1E4B8C3A-450E-4EB9-B587-153959570AEF}.Release|x86.Build.0 = Release|Any CPU
		{65869BD8-8920-4214-B49B-79E42725BA15}.Debug|Any CPU.ActiveCfg = Debug|Any CPU
		{65869BD8-8920-4214-B49B-79E42725BA15}.Debug|Any CPU.Build.0 = Debug|Any CPU
		{65869BD8-8920-4214-B49B-79E42725BA15}.Debug|ARM.ActiveCfg = Debug|Any CPU
		{65869BD8-8920-4214-B49B-79E42725BA15}.Debug|ARM.Build.0 = Debug|Any CPU
		{65869BD8-8920-4214-B49B-79E42725BA15}.Debug|x64.ActiveCfg = Debug|Any CPU
		{65869BD8-8920-4214-B49B-79E42725BA15}.Debug|x64.Build.0 = Debug|Any CPU
		{65869BD8-8920-4214-B49B-79E42725BA15}.Debug|x86.ActiveCfg = Debug|Any CPU
		{65869BD8-8920-4214-B49B-79E42725BA15}.Debug|x86.Build.0 = Debug|Any CPU
		{65869BD8-8920-4214-B49B-79E42725BA15}.Release|Any CPU.ActiveCfg = Release|Any CPU
		{65869BD8-8920-4214-B49B-79E42725BA15}.Release|Any CPU.Build.0 = Release|Any CPU
		{65869BD8-8920-4214-B49B-79E42725BA15}.Release|ARM.ActiveCfg = Release|Any CPU
		{65869BD8-8920-4214-B49B-79E42725BA15}.Release|ARM.Build.0 = Release|Any CPU
		{65869BD8-8920-4214-B49B-79E42725BA15}.Release|x64.ActiveCfg = Release|Any CPU
		{65869BD8-8920-4214-B49B-79E42725BA15}.Release|x64.Build.0 = Release|Any CPU
		{65869BD8-8920-4214-B49B-79E42725BA15}.Release|x86.ActiveCfg = Release|Any CPU
		{65869BD8-8920-4214-B49B-79E42725BA15}.Release|x86.Build.0 = Release|Any CPU
		{625006E8-DC2C-431C-BCB6-D0CDE259D1F6}.Debug|Any CPU.ActiveCfg = Debug|Any CPU
		{625006E8-DC2C-431C-BCB6-D0CDE259D1F6}.Debug|Any CPU.Build.0 = Debug|Any CPU
		{625006E8-DC2C-431C-BCB6-D0CDE259D1F6}.Debug|ARM.ActiveCfg = Debug|Any CPU
		{625006E8-DC2C-431C-BCB6-D0CDE259D1F6}.Debug|ARM.Build.0 = Debug|Any CPU
		{625006E8-DC2C-431C-BCB6-D0CDE259D1F6}.Debug|x64.ActiveCfg = Debug|Any CPU
		{625006E8-DC2C-431C-BCB6-D0CDE259D1F6}.Debug|x64.Build.0 = Debug|Any CPU
		{625006E8-DC2C-431C-BCB6-D0CDE259D1F6}.Debug|x86.ActiveCfg = Debug|Any CPU
		{625006E8-DC2C-431C-BCB6-D0CDE259D1F6}.Debug|x86.Build.0 = Debug|Any CPU
		{625006E8-DC2C-431C-BCB6-D0CDE259D1F6}.Release|Any CPU.ActiveCfg = Release|Any CPU
		{625006E8-DC2C-431C-BCB6-D0CDE259D1F6}.Release|Any CPU.Build.0 = Release|Any CPU
		{625006E8-DC2C-431C-BCB6-D0CDE259D1F6}.Release|ARM.ActiveCfg = Release|Any CPU
		{625006E8-DC2C-431C-BCB6-D0CDE259D1F6}.Release|ARM.Build.0 = Release|Any CPU
		{625006E8-DC2C-431C-BCB6-D0CDE259D1F6}.Release|x64.ActiveCfg = Release|Any CPU
		{625006E8-DC2C-431C-BCB6-D0CDE259D1F6}.Release|x64.Build.0 = Release|Any CPU
		{625006E8-DC2C-431C-BCB6-D0CDE259D1F6}.Release|x86.ActiveCfg = Release|Any CPU
		{625006E8-DC2C-431C-BCB6-D0CDE259D1F6}.Release|x86.Build.0 = Release|Any CPU
		{A8523C13-55F5-4F30-8E83-685C93A9B206}.Debug|Any CPU.ActiveCfg = Debug|Any CPU
		{A8523C13-55F5-4F30-8E83-685C93A9B206}.Debug|Any CPU.Build.0 = Debug|Any CPU
		{A8523C13-55F5-4F30-8E83-685C93A9B206}.Debug|ARM.ActiveCfg = Debug|Any CPU
		{A8523C13-55F5-4F30-8E83-685C93A9B206}.Debug|ARM.Build.0 = Debug|Any CPU
		{A8523C13-55F5-4F30-8E83-685C93A9B206}.Debug|x64.ActiveCfg = Debug|Any CPU
		{A8523C13-55F5-4F30-8E83-685C93A9B206}.Debug|x64.Build.0 = Debug|Any CPU
		{A8523C13-55F5-4F30-8E83-685C93A9B206}.Debug|x86.ActiveCfg = Debug|Any CPU
		{A8523C13-55F5-4F30-8E83-685C93A9B206}.Debug|x86.Build.0 = Debug|Any CPU
		{A8523C13-55F5-4F30-8E83-685C93A9B206}.Release|Any CPU.ActiveCfg = Release|Any CPU
		{A8523C13-55F5-4F30-8E83-685C93A9B206}.Release|Any CPU.Build.0 = Release|Any CPU
		{A8523C13-55F5-4F30-8E83-685C93A9B206}.Release|ARM.ActiveCfg = Release|Any CPU
		{A8523C13-55F5-4F30-8E83-685C93A9B206}.Release|ARM.Build.0 = Release|Any CPU
		{A8523C13-55F5-4F30-8E83-685C93A9B206}.Release|x64.ActiveCfg = Release|Any CPU
		{A8523C13-55F5-4F30-8E83-685C93A9B206}.Release|x64.Build.0 = Release|Any CPU
		{A8523C13-55F5-4F30-8E83-685C93A9B206}.Release|x86.ActiveCfg = Release|Any CPU
		{A8523C13-55F5-4F30-8E83-685C93A9B206}.Release|x86.Build.0 = Release|Any CPU
		{B59759FB-81E6-4466-B3A1-4F543B48E90F}.Debug|Any CPU.ActiveCfg = Debug|Any CPU
		{B59759FB-81E6-4466-B3A1-4F543B48E90F}.Debug|Any CPU.Build.0 = Debug|Any CPU
		{B59759FB-81E6-4466-B3A1-4F543B48E90F}.Debug|ARM.ActiveCfg = Debug|Any CPU
		{B59759FB-81E6-4466-B3A1-4F543B48E90F}.Debug|ARM.Build.0 = Debug|Any CPU
		{B59759FB-81E6-4466-B3A1-4F543B48E90F}.Debug|x64.ActiveCfg = Debug|Any CPU
		{B59759FB-81E6-4466-B3A1-4F543B48E90F}.Debug|x64.Build.0 = Debug|Any CPU
		{B59759FB-81E6-4466-B3A1-4F543B48E90F}.Debug|x86.ActiveCfg = Debug|Any CPU
		{B59759FB-81E6-4466-B3A1-4F543B48E90F}.Debug|x86.Build.0 = Debug|Any CPU
		{B59759FB-81E6-4466-B3A1-4F543B48E90F}.Release|Any CPU.ActiveCfg = Release|Any CPU
		{B59759FB-81E6-4466-B3A1-4F543B48E90F}.Release|Any CPU.Build.0 = Release|Any CPU
		{B59759FB-81E6-4466-B3A1-4F543B48E90F}.Release|ARM.ActiveCfg = Release|Any CPU
		{B59759FB-81E6-4466-B3A1-4F543B48E90F}.Release|ARM.Build.0 = Release|Any CPU
		{B59759FB-81E6-4466-B3A1-4F543B48E90F}.Release|x64.ActiveCfg = Release|Any CPU
		{B59759FB-81E6-4466-B3A1-4F543B48E90F}.Release|x64.Build.0 = Release|Any CPU
		{B59759FB-81E6-4466-B3A1-4F543B48E90F}.Release|x86.ActiveCfg = Release|Any CPU
		{B59759FB-81E6-4466-B3A1-4F543B48E90F}.Release|x86.Build.0 = Release|Any CPU
	EndGlobalSection
	GlobalSection(SolutionProperties) = preSolution
		HideSolutionNode = FALSE
	EndGlobalSection
	GlobalSection(NestedProjects) = preSolution
		{5B671D55-D3CB-43DF-8C1F-59B7F8670F14} = {5EBB9049-C747-46BA-A349-9E0C88C059A4}
		{359B4895-40A4-45F2-8C46-9470C21F2755} = {5B671D55-D3CB-43DF-8C1F-59B7F8670F14}
		{C35EBDB8-C4FD-4212-948F-FA3057362DB9} = {5EBB9049-C747-46BA-A349-9E0C88C059A4}
		{B4D075AC-4088-4333-81F1-AC428CDE91F4} = {C35EBDB8-C4FD-4212-948F-FA3057362DB9}
		{5AF3EFCB-300D-43EE-AD7F-6350C966AF6F} = {5EBB9049-C747-46BA-A349-9E0C88C059A4}
		{817D0884-D381-424C-9BB6-154A7A7584A7} = {5AF3EFCB-300D-43EE-AD7F-6350C966AF6F}
		{91A9E9A5-03B2-47B5-89A9-B981EA3F1001} = {5EBB9049-C747-46BA-A349-9E0C88C059A4}
		{1E4B8C3A-450E-4EB9-B587-153959570AEF} = {91A9E9A5-03B2-47B5-89A9-B981EA3F1001}
		{F2106616-3623-470C-81C8-B11ACBC3C4AF} = {5EBB9049-C747-46BA-A349-9E0C88C059A4}
		{65869BD8-8920-4214-B49B-79E42725BA15} = {F2106616-3623-470C-81C8-B11ACBC3C4AF}
		{FB39C114-81B1-485A-8E4B-F5907B096801} = {5EBB9049-C747-46BA-A349-9E0C88C059A4}
		{625006E8-DC2C-431C-BCB6-D0CDE259D1F6} = {FB39C114-81B1-485A-8E4B-F5907B096801}
		{A8523C13-55F5-4F30-8E83-685C93A9B206} = {EA064395-129D-4247-8B7D-1088CEC03560}
		{B59759FB-81E6-4466-B3A1-4F543B48E90F} = {EA064395-129D-4247-8B7D-1088CEC03560}
	EndGlobalSection
EndGlobal
