
Microsoft Visual Studio Solution File, Format Version 12.00
# Visual Studio 14
VisualStudioVersion = 14.0.25420.1
MinimumVisualStudioVersion = 10.0.40219.1
Project("{2150E333-8FDC-42A3-9474-1A3956D46DE8}") = "Fundamentals", "Fundamentals", "{5EBB9049-C747-46BA-A349-9E0C88C059A4}"
EndProject
Project("{2150E333-8FDC-42A3-9474-1A3956D46DE8}") = "01_Task", "01_Task", "{5B671D55-D3CB-43DF-8C1F-59B7F8670F14}"
EndProject
Project("{FAE04EC0-301F-11D3-BF4B-00C04F79EFBC}") = "HelloWorld", "HelloWorld\HelloWorld.csproj", "{359B4895-40A4-45F2-8C46-9470C21F2755}"
EndProject
Project("{2150E333-8FDC-42A3-9474-1A3956D46DE8}") = "02_Task", "02_Task", "{C35EBDB8-C4FD-4212-948F-FA3057362DB9}"
EndProject
Project("{FAE04EC0-301F-11D3-BF4B-00C04F79EFBC}") = "DataTypes", "DataTypes\DataTypes.csproj", "{B4D075AC-4088-4333-81F1-AC428CDE91F4}"
EndProject
Project("{2150E333-8FDC-42A3-9474-1A3956D46DE8}") = "03_Task", "03_Task", "{5AF3EFCB-300D-43EE-AD7F-6350C966AF6F}"
EndProject
Project("{FAE04EC0-301F-11D3-BF4B-00C04F79EFBC}") = "Statements", "Statements\Statements.csproj", "{817D0884-D381-424C-9BB6-154A7A7584A7}"
EndProject
Project("{2150E333-8FDC-42A3-9474-1A3956D46DE8}") = "04_Task", "04_Task", "{91A9E9A5-03B2-47B5-89A9-B981EA3F1001}"
EndProject
Project("{FAE04EC0-301F-11D3-BF4B-00C04F79EFBC}") = "ClassObjects", "ClassObjects\ClassObjects.csproj", "{1E4B8C3A-450E-4EB9-B587-153959570AEF}"
EndProject
Global
	GlobalSection(SolutionConfigurationPlatforms) = preSolution
		Debug|Any CPU = Debug|Any CPU
		Release|Any CPU = Release|Any CPU
	EndGlobalSection
	GlobalSection(ProjectConfigurationPlatforms) = postSolution
		{359B4895-40A4-45F2-8C46-9470C21F2755}.Debug|Any CPU.ActiveCfg = Debug|Any CPU
		{359B4895-40A4-45F2-8C46-9470C21F2755}.Debug|Any CPU.Build.0 = Debug|Any CPU
		{359B4895-40A4-45F2-8C46-9470C21F2755}.Release|Any CPU.ActiveCfg = Release|Any CPU
		{359B4895-40A4-45F2-8C46-9470C21F2755}.Release|Any CPU.Build.0 = Release|Any CPU
		{B4D075AC-4088-4333-81F1-AC428CDE91F4}.Debug|Any CPU.ActiveCfg = Debug|Any CPU
		{B4D075AC-4088-4333-81F1-AC428CDE91F4}.Debug|Any CPU.Build.0 = Debug|Any CPU
		{B4D075AC-4088-4333-81F1-AC428CDE91F4}.Release|Any CPU.ActiveCfg = Release|Any CPU
		{B4D075AC-4088-4333-81F1-AC428CDE91F4}.Release|Any CPU.Build.0 = Release|Any CPU
		{817D0884-D381-424C-9BB6-154A7A7584A7}.Debug|Any CPU.ActiveCfg = Debug|Any CPU
		{817D0884-D381-424C-9BB6-154A7A7584A7}.Debug|Any CPU.Build.0 = Debug|Any CPU
		{817D0884-D381-424C-9BB6-154A7A7584A7}.Release|Any CPU.ActiveCfg = Release|Any CPU
		{817D0884-D381-424C-9BB6-154A7A7584A7}.Release|Any CPU.Build.0 = Release|Any CPU
		{1E4B8C3A-450E-4EB9-B587-153959570AEF}.Debug|Any CPU.ActiveCfg = Debug|Any CPU
		{1E4B8C3A-450E-4EB9-B587-153959570AEF}.Debug|Any CPU.Build.0 = Debug|Any CPU
		{1E4B8C3A-450E-4EB9-B587-153959570AEF}.Release|Any CPU.ActiveCfg = Release|Any CPU
		{1E4B8C3A-450E-4EB9-B587-153959570AEF}.Release|Any CPU.Build.0 = Release|Any CPU
	EndGlobalSection
	GlobalSection(SolutionProperties) = preSolution
		HideSolutionNode = FALSE
	EndGlobalSection
	GlobalSection(NestedProjects) = preSolution
		{5B671D55-D3CB-43DF-8C1F-59B7F8670F14} = {5EBB9049-C747-46BA-A349-9E0C88C059A4}
		{359B4895-40A4-45F2-8C46-9470C21F2755} = {5B671D55-D3CB-43DF-8C1F-59B7F8670F14}
		{C35EBDB8-C4FD-4212-948F-FA3057362DB9} = {5EBB9049-C747-46BA-A349-9E0C88C059A4}
		{B4D075AC-4088-4333-81F1-AC428CDE91F4} = {C35EBDB8-C4FD-4212-948F-FA3057362DB9}
		{5AF3EFCB-300D-43EE-AD7F-6350C966AF6F} = {5EBB9049-C747-46BA-A349-9E0C88C059A4}
		{817D0884-D381-424C-9BB6-154A7A7584A7} = {5AF3EFCB-300D-43EE-AD7F-6350C966AF6F}
		{91A9E9A5-03B2-47B5-89A9-B981EA3F1001} = {5EBB9049-C747-46BA-A349-9E0C88C059A4}
		{1E4B8C3A-450E-4EB9-B587-153959570AEF} = {91A9E9A5-03B2-47B5-89A9-B981EA3F1001}
	EndGlobalSection
EndGlobal
